// !$*UTF8*$!
{
	archiveVersion = 1;
	classes = {
	};
	objectVersion = 50;
	objects = {

/* Begin PBXBuildFile section */
		7958AEAA2619611100946F7F /* AppDelegate.swift in Sources */ = {isa = PBXBuildFile; fileRef = 7958AEA92619611100946F7F /* AppDelegate.swift */; };
		7958AEAC2619611100946F7F /* SceneDelegate.swift in Sources */ = {isa = PBXBuildFile; fileRef = 7958AEAB2619611100946F7F /* SceneDelegate.swift */; };
		7958AEAE2619611100946F7F /* HomeViewController.swift in Sources */ = {isa = PBXBuildFile; fileRef = 7958AEAD2619611100946F7F /* HomeViewController.swift */; };
		7958AEB12619611100946F7F /* Main.storyboard in Resources */ = {isa = PBXBuildFile; fileRef = 7958AEAF2619611100946F7F /* Main.storyboard */; };
		7958AEB42619611100946F7F /* MyVIRS.xcdatamodeld in Sources */ = {isa = PBXBuildFile; fileRef = 7958AEB22619611100946F7F /* MyVIRS.xcdatamodeld */; };
		7958AEB62619611200946F7F /* Assets.xcassets in Resources */ = {isa = PBXBuildFile; fileRef = 7958AEB52619611200946F7F /* Assets.xcassets */; };
		7958AEB92619611200946F7F /* LaunchScreen.storyboard in Resources */ = {isa = PBXBuildFile; fileRef = 7958AEB72619611200946F7F /* LaunchScreen.storyboard */; };
		7958AEC3261965B700946F7F /* VirsViewController.swift in Sources */ = {isa = PBXBuildFile; fileRef = 7958AEC2261965B700946F7F /* VirsViewController.swift */; };
/* End PBXBuildFile section */

/* Begin PBXFileReference section */
		7958AEA62619611100946F7F /* MyVIRS.app */ = {isa = PBXFileReference; explicitFileType = wrapper.application; includeInIndex = 0; path = MyVIRS.app; sourceTree = BUILT_PRODUCTS_DIR; };
		7958AEA92619611100946F7F /* AppDelegate.swift */ = {isa = PBXFileReference; lastKnownFileType = sourcecode.swift; path = AppDelegate.swift; sourceTree = "<group>"; };
		7958AEAB2619611100946F7F /* SceneDelegate.swift */ = {isa = PBXFileReference; lastKnownFileType = sourcecode.swift; path = SceneDelegate.swift; sourceTree = "<group>"; };
		7958AEAD2619611100946F7F /* HomeViewController.swift */ = {isa = PBXFileReference; lastKnownFileType = sourcecode.swift; path = HomeViewController.swift; sourceTree = "<group>"; };
		7958AEB02619611100946F7F /* Base */ = {isa = PBXFileReference; lastKnownFileType = file.storyboard; name = Base; path = Base.lproj/Main.storyboard; sourceTree = "<group>"; };
		7958AEB32619611100946F7F /* MyVIRS.xcdatamodel */ = {isa = PBXFileReference; lastKnownFileType = wrapper.xcdatamodel; path = MyVIRS.xcdatamodel; sourceTree = "<group>"; };
		7958AEB52619611200946F7F /* Assets.xcassets */ = {isa = PBXFileReference; lastKnownFileType = folder.assetcatalog; path = Assets.xcassets; sourceTree = "<group>"; };
		7958AEB82619611200946F7F /* Base */ = {isa = PBXFileReference; lastKnownFileType = file.storyboard; name = Base; path = Base.lproj/LaunchScreen.storyboard; sourceTree = "<group>"; };
		7958AEBA2619611200946F7F /* Info.plist */ = {isa = PBXFileReference; lastKnownFileType = text.plist.xml; path = Info.plist; sourceTree = "<group>"; };
		7958AEC2261965B700946F7F /* VirsViewController.swift */ = {isa = PBXFileReference; lastKnownFileType = sourcecode.swift; path = VirsViewController.swift; sourceTree = "<group>"; };
/* End PBXFileReference section */

/* Begin PBXFrameworksBuildPhase section */
		7958AEA32619611100946F7F /* Frameworks */ = {
			isa = PBXFrameworksBuildPhase;
			buildActionMask = 2147483647;
			files = (
			);
			runOnlyForDeploymentPostprocessing = 0;
		};
/* End PBXFrameworksBuildPhase section */

/* Begin PBXGroup section */
		7958AE9D2619611100946F7F = {
			isa = PBXGroup;
			children = (
				7958AEA82619611100946F7F /* MyVIRS */,
				7958AEA72619611100946F7F /* Products */,
			);
			sourceTree = "<group>";
		};
		7958AEA72619611100946F7F /* Products */ = {
			isa = PBXGroup;
			children = (
				7958AEA62619611100946F7F /* MyVIRS.app */,
			);
			name = Products;
			sourceTree = "<group>";
		};
		7958AEA82619611100946F7F /* MyVIRS */ = {
			isa = PBXGroup;
			children = (
				7958AEA92619611100946F7F /* AppDelegate.swift */,
				7958AEAB2619611100946F7F /* SceneDelegate.swift */,
				7958AEAD2619611100946F7F /* HomeViewController.swift */,
				7958AEC2261965B700946F7F /* VirsViewController.swift */,
				7958AEAF2619611100946F7F /* Main.storyboard */,
				7958AEB52619611200946F7F /* Assets.xcassets */,
				7958AEB72619611200946F7F /* LaunchScreen.storyboard */,
				7958AEBA2619611200946F7F /* Info.plist */,
				7958AEB22619611100946F7F /* MyVIRS.xcdatamodeld */,
			);
			path = MyVIRS;
			sourceTree = "<group>";
		};
/* End PBXGroup section */

/* Begin PBXNativeTarget section */
		7958AEA52619611100946F7F /* MyVIRS */ = {
			isa = PBXNativeTarget;
			buildConfigurationList = 7958AEBD2619611200946F7F /* Build configuration list for PBXNativeTarget "MyVIRS" */;
			buildPhases = (
				7958AEA22619611100946F7F /* Sources */,
				7958AEA32619611100946F7F /* Frameworks */,
				7958AEA42619611100946F7F /* Resources */,
			);
			buildRules = (
			);
			dependencies = (
			);
			name = MyVIRS;
			productName = MyVIRS;
			productReference = 7958AEA62619611100946F7F /* MyVIRS.app */;
			productType = "com.apple.product-type.application";
		};
/* End PBXNativeTarget section */

/* Begin PBXProject section */
		7958AE9E2619611100946F7F /* Project object */ = {
			isa = PBXProject;
			attributes = {
				LastSwiftUpdateCheck = 1230;
				LastUpgradeCheck = 1230;
				TargetAttributes = {
					7958AEA52619611100946F7F = {
						CreatedOnToolsVersion = 12.3;
					};
				};
			};
			buildConfigurationList = 7958AEA12619611100946F7F /* Build configuration list for PBXProject "MyVIRS" */;
			compatibilityVersion = "Xcode 9.3";
			developmentRegion = en;
			hasScannedForEncodings = 0;
			knownRegions = (
				en,
				Base,
			);
			mainGroup = 7958AE9D2619611100946F7F;
			productRefGroup = 7958AEA72619611100946F7F /* Products */;
			projectDirPath = "";
			projectRoot = "";
			targets = (
				7958AEA52619611100946F7F /* MyVIRS */,
			);
		};
/* End PBXProject section */

/* Begin PBXResourcesBuildPhase section */
		7958AEA42619611100946F7F /* Resources */ = {
			isa = PBXResourcesBuildPhase;
			buildActionMask = 2147483647;
			files = (
				7958AEB92619611200946F7F /* LaunchScreen.storyboard in Resources */,
				7958AEB62619611200946F7F /* Assets.xcassets in Resources */,
				7958AEB12619611100946F7F /* Main.storyboard in Resources */,
			);
			runOnlyForDeploymentPostprocessing = 0;
		};
/* End PBXResourcesBuildPhase section */

/* Begin PBXSourcesBuildPhase section */
		7958AEA22619611100946F7F /* Sources */ = {
			isa = PBXSourcesBuildPhase;
			buildActionMask = 2147483647;
			files = (
				7958AEAE2619611100946F7F /* HomeViewController.swift in Sources */,
				7958AEB42619611100946F7F /* MyVIRS.xcdatamodeld in Sources */,
				7958AEAA2619611100946F7F /* AppDelegate.swift in Sources */,
				7958AEC3261965B700946F7F /* VirsViewController.swift in Sources */,
				7958AEAC2619611100946F7F /* SceneDelegate.swift in Sources */,
			);
			runOnlyForDeploymentPostprocessing = 0;
		};
/* End PBXSourcesBuildPhase section */

/* Begin PBXVariantGroup section */
		7958AEAF2619611100946F7F /* Main.storyboard */ = {
			isa = PBXVariantGroup;
			children = (
				7958AEB02619611100946F7F /* Base */,
			);
			name = Main.storyboard;
			sourceTree = "<group>";
		};
		7958AEB72619611200946F7F /* LaunchScreen.storyboard */ = {
			isa = PBXVariantGroup;
			children = (
				7958AEB82619611200946F7F /* Base */,
			);
			name = LaunchScreen.storyboard;
			sourceTree = "<group>";
		};
/* End PBXVariantGroup section */

/* Begin XCBuildConfiguration section */
		7958AEBB2619611200946F7F /* Debug */ = {
			isa = XCBuildConfiguration;
			buildSettings = {
				ALWAYS_SEARCH_USER_PATHS = NO;
				CLANG_ANALYZER_NONNULL = YES;
				CLANG_ANALYZER_NUMBER_OBJECT_CONVERSION = YES_AGGRESSIVE;
				CLANG_CXX_LANGUAGE_STANDARD = "gnu++14";
				CLANG_CXX_LIBRARY = "libc++";
				CLANG_ENABLE_MODULES = YES;
				CLANG_ENABLE_OBJC_ARC = YES;
				CLANG_ENABLE_OBJC_WEAK = YES;
				CLANG_WARN_BLOCK_CAPTURE_AUTORELEASING = YES;
				CLANG_WARN_BOOL_CONVERSION = YES;
				CLANG_WARN_COMMA = YES;
				CLANG_WARN_CONSTANT_CONVERSION = YES;
				CLANG_WARN_DEPRECATED_OBJC_IMPLEMENTATIONS = YES;
				CLANG_WARN_DIRECT_OBJC_ISA_USAGE = YES_ERROR;
				CLANG_WARN_DOCUMENTATION_COMMENTS = YES;
				CLANG_WARN_EMPTY_BODY = YES;
				CLANG_WARN_ENUM_CONVERSION = YES;
				CLANG_WARN_INFINITE_RECURSION = YES;
				CLANG_WARN_INT_CONVERSION = YES;
				CLANG_WARN_NON_LITERAL_NULL_CONVERSION = YES;
				CLANG_WARN_OBJC_IMPLICIT_RETAIN_SELF = YES;
				CLANG_WARN_OBJC_LITERAL_CONVERSION = YES;
				CLANG_WARN_OBJC_ROOT_CLASS = YES_ERROR;
				CLANG_WARN_QUOTED_INCLUDE_IN_FRAMEWORK_HEADER = YES;
				CLANG_WARN_RANGE_LOOP_ANALYSIS = YES;
				CLANG_WARN_STRICT_PROTOTYPES = YES;
				CLANG_WARN_SUSPICIOUS_MOVE = YES;
				CLANG_WARN_UNGUARDED_AVAILABILITY = YES_AGGRESSIVE;
				CLANG_WARN_UNREACHABLE_CODE = YES;
				CLANG_WARN__DUPLICATE_METHOD_MATCH = YES;
				COPY_PHASE_STRIP = NO;
				DEBUG_INFORMATION_FORMAT = dwarf;
				ENABLE_STRICT_OBJC_MSGSEND = YES;
				ENABLE_TESTABILITY = YES;
				GCC_C_LANGUAGE_STANDARD = gnu11;
				GCC_DYNAMIC_NO_PIC = NO;
				GCC_NO_COMMON_BLOCKS = YES;
				GCC_OPTIMIZATION_LEVEL = 0;
				GCC_PREPROCESSOR_DEFINITIONS = (
					"DEBUG=1",
					"$(inherited)",
				);
				GCC_WARN_64_TO_32_BIT_CONVERSION = YES;
				GCC_WARN_ABOUT_RETURN_TYPE = YES_ERROR;
				GCC_WARN_UNDECLARED_SELECTOR = YES;
				GCC_WARN_UNINITIALIZED_AUTOS = YES_AGGRESSIVE;
				GCC_WARN_UNUSED_FUNCTION = YES;
				GCC_WARN_UNUSED_VARIABLE = YES;
				IPHONEOS_DEPLOYMENT_TARGET = 14.4;
				MTL_ENABLE_DEBUG_INFO = INCLUDE_SOURCE;
				MTL_FAST_MATH = YES;
				ONLY_ACTIVE_ARCH = YES;
				SDKROOT = iphoneos;
				SUPPORTED_PLATFORMS = "iphonesimulator iphoneos";
				SWIFT_ACTIVE_COMPILATION_CONDITIONS = DEBUG;
				SWIFT_OPTIMIZATION_LEVEL = "-Onone";
			};
			name = Debug;
		};
		7958AEBC2619611200946F7F /* Release */ = {
			isa = XCBuildConfiguration;
			buildSettings = {
				ALWAYS_SEARCH_USER_PATHS = NO;
				CLANG_ANALYZER_NONNULL = YES;
				CLANG_ANALYZER_NUMBER_OBJECT_CONVERSION = YES_AGGRESSIVE;
				CLANG_CXX_LANGUAGE_STANDARD = "gnu++14";
				CLANG_CXX_LIBRARY = "libc++";
				CLANG_ENABLE_MODULES = YES;
				CLANG_ENABLE_OBJC_ARC = YES;
				CLANG_ENABLE_OBJC_WEAK = YES;
				CLANG_WARN_BLOCK_CAPTURE_AUTORELEASING = YES;
				CLANG_WARN_BOOL_CONVERSION = YES;
				CLANG_WARN_COMMA = YES;
				CLANG_WARN_CONSTANT_CONVERSION = YES;
				CLANG_WARN_DEPRECATED_OBJC_IMPLEMENTATIONS = YES;
				CLANG_WARN_DIRECT_OBJC_ISA_USAGE = YES_ERROR;
				CLANG_WARN_DOCUMENTATION_COMMENTS = YES;
				CLANG_WARN_EMPTY_BODY = YES;
				CLANG_WARN_ENUM_CONVERSION = YES;
				CLANG_WARN_INFINITE_RECURSION = YES;
				CLANG_WARN_INT_CONVERSION = YES;
				CLANG_WARN_NON_LITERAL_NULL_CONVERSION = YES;
				CLANG_WARN_OBJC_IMPLICIT_RETAIN_SELF = YES;
				CLANG_WARN_OBJC_LITERAL_CONVERSION = YES;
				CLANG_WARN_OBJC_ROOT_CLASS = YES_ERROR;
				CLANG_WARN_QUOTED_INCLUDE_IN_FRAMEWORK_HEADER = YES;
				CLANG_WARN_RANGE_LOOP_ANALYSIS = YES;
				CLANG_WARN_STRICT_PROTOTYPES = YES;
				CLANG_WARN_SUSPICIOUS_MOVE = YES;
				CLANG_WARN_UNGUARDED_AVAILABILITY = YES_AGGRESSIVE;
				CLANG_WARN_UNREACHABLE_CODE = YES;
				CLANG_WARN__DUPLICATE_METHOD_MATCH = YES;
				COPY_PHASE_STRIP = NO;
				DEBUG_INFORMATION_FORMAT = "dwarf-with-dsym";
				ENABLE_NS_ASSERTIONS = NO;
				ENABLE_STRICT_OBJC_MSGSEND = YES;
				GCC_C_LANGUAGE_STANDARD = gnu11;
				GCC_NO_COMMON_BLOCKS = YES;
				GCC_WARN_64_TO_32_BIT_CONVERSION = YES;
				GCC_WARN_ABOUT_RETURN_TYPE = YES_ERROR;
				GCC_WARN_UNDECLARED_SELECTOR = YES;
				GCC_WARN_UNINITIALIZED_AUTOS = YES_AGGRESSIVE;
				GCC_WARN_UNUSED_FUNCTION = YES;
				GCC_WARN_UNUSED_VARIABLE = YES;
				IPHONEOS_DEPLOYMENT_TARGET = 14.4;
				MTL_ENABLE_DEBUG_INFO = NO;
				MTL_FAST_MATH = YES;
				SDKROOT = iphoneos;
				SUPPORTED_PLATFORMS = "iphonesimulator iphoneos";
				SWIFT_COMPILATION_MODE = wholemodule;
				SWIFT_OPTIMIZATION_LEVEL = "-O";
				VALIDATE_PRODUCT = YES;
			};
			name = Release;
		};
		7958AEBE2619611200946F7F /* Debug */ = {
			isa = XCBuildConfiguration;
			buildSettings = {
				ASSETCATALOG_COMPILER_APPICON_NAME = AppIcon;
				ASSETCATALOG_COMPILER_GLOBAL_ACCENT_COLOR_NAME = AccentColor;
				CODE_SIGN_STYLE = Automatic;
				DEVELOPMENT_TEAM = 7R89JJU3QM;
				INFOPLIST_FILE = MyVIRS/Info.plist;
				LD_RUNPATH_SEARCH_PATHS = (
					"$(inherited)",
					"@executable_path/Frameworks",
				);
				MACOSX_DEPLOYMENT_TARGET = 11.1;
				PRODUCT_BUNDLE_IDENTIFIER = Jduen011.MyVIRS;
				PRODUCT_NAME = "$(TARGET_NAME)";
				SWIFT_VERSION = 5.0;
				TARGETED_DEVICE_FAMILY = "1,2";
			};
			name = Debug;
		};
		7958AEBF2619611200946F7F /* Release */ = {
			isa = XCBuildConfiguration;
			buildSettings = {
				ASSETCATALOG_COMPILER_APPICON_NAME = AppIcon;
				ASSETCATALOG_COMPILER_GLOBAL_ACCENT_COLOR_NAME = AccentColor;
				CODE_SIGN_STYLE = Automatic;
				DEVELOPMENT_TEAM = 7R89JJU3QM;
				INFOPLIST_FILE = MyVIRS/Info.plist;
				LD_RUNPATH_SEARCH_PATHS = (
					"$(inherited)",
					"@executable_path/Frameworks",
				);
				MACOSX_DEPLOYMENT_TARGET = 11.1;
				PRODUCT_BUNDLE_IDENTIFIER = Jduen011.MyVIRS;
				PRODUCT_NAME = "$(TARGET_NAME)";
				SWIFT_VERSION = 5.0;
				TARGETED_DEVICE_FAMILY = "1,2";
			};
			name = Release;
		};
/* End XCBuildConfiguration section */

/* Begin XCConfigurationList section */
		7958AEA12619611100946F7F /* Build configuration list for PBXProject "MyVIRS" */ = {
			isa = XCConfigurationList;
			buildConfigurations = (
				7958AEBB2619611200946F7F /* Debug */,
				7958AEBC2619611200946F7F /* Release */,
			);
			defaultConfigurationIsVisible = 0;
			defaultConfigurationName = Release;
		};
		7958AEBD2619611200946F7F /* Build configuration list for PBXNativeTarget "MyVIRS" */ = {
			isa = XCConfigurationList;
			buildConfigurations = (
				7958AEBE2619611200946F7F /* Debug */,
				7958AEBF2619611200946F7F /* Release */,
			);
			defaultConfigurationIsVisible = 0;
			defaultConfigurationName = Release;
		};
/* End XCConfigurationList section */

/* Begin XCVersionGroup section */
		7958AEB22619611100946F7F /* MyVIRS.xcdatamodeld */ = {
			isa = XCVersionGroup;
			children = (
				7958AEB32619611100946F7F /* MyVIRS.xcdatamodel */,
			);
			currentVersion = 7958AEB32619611100946F7F /* MyVIRS.xcdatamodel */;
			path = MyVIRS.xcdatamodeld;
			sourceTree = "<group>";
			versionGroupType = wrapper.xcdatamodel;
		};
/* End XCVersionGroup section */
	};
	rootObject = 7958AE9E2619611100946F7F /* Project object */;
}
